// !$*UTF8*$!
{
	archiveVersion = 1;
	classes = {
	};
	objectVersion = 46;
	objects = {

/* Begin PBXBuildFile section */
		DC7FCF471A7601DB005E89D2 /* Images.xcassets in Resources */ = {isa = PBXBuildFile; fileRef = DC7FCF461A7601DB005E89D2 /* Images.xcassets */; };
		DC8CC1DF1A748D3000C8B4C8 /* main.m in Sources */ = {isa = PBXBuildFile; fileRef = DC8CC1DE1A748D3000C8B4C8 /* main.m */; };
		DC8CC1E21A748D3000C8B4C8 /* AppDelegate.m in Sources */ = {isa = PBXBuildFile; fileRef = DC8CC1E11A748D3000C8B4C8 /* AppDelegate.m */; };
		DC8CC1E81A748D3000C8B4C8 /* Main.storyboard in Resources */ = {isa = PBXBuildFile; fileRef = DC8CC1E61A748D3000C8B4C8 /* Main.storyboard */; };
		DC8CC1ED1A748D3000C8B4C8 /* LaunchScreen.xib in Resources */ = {isa = PBXBuildFile; fileRef = DC8CC1EB1A748D3000C8B4C8 /* LaunchScreen.xib */; };
		DC8CC1F91A748D3100C8B4C8 /* ToDoListTests.m in Sources */ = {isa = PBXBuildFile; fileRef = DC8CC1F81A748D3100C8B4C8 /* ToDoListTests.m */; };
		DC8CC2041A74B22900C8B4C8 /* AddToDoItemViewController.m in Sources */ = {isa = PBXBuildFile; fileRef = DC8CC2031A74B22900C8B4C8 /* AddToDoItemViewController.m */; };
		DC8CC2071A74B2DD00C8B4C8 /* ToDoListTableViewController.m in Sources */ = {isa = PBXBuildFile; fileRef = DC8CC2061A74B2DD00C8B4C8 /* ToDoListTableViewController.m */; };
		DC8CC20A1A74BD4400C8B4C8 /* ToDoItem.m in Sources */ = {isa = PBXBuildFile; fileRef = DC8CC2091A74BD4400C8B4C8 /* ToDoItem.m */; };
		DCD8B0991A75E9F800ACCF43 /* CellDataFormat.m in Sources */ = {isa = PBXBuildFile; fileRef = DCD8B0981A75E9F800ACCF43 /* CellDataFormat.m */; };
/* End PBXBuildFile section */

/* Begin PBXContainerItemProxy section */
		DC8CC1F31A748D3100C8B4C8 /* PBXContainerItemProxy */ = {
			isa = PBXContainerItemProxy;
			containerPortal = DC8CC1D11A748D3000C8B4C8 /* Project object */;
			proxyType = 1;
			remoteGlobalIDString = DC8CC1D81A748D3000C8B4C8;
			remoteInfo = ToDoList;
		};
/* End PBXContainerItemProxy section */

/* Begin PBXFileReference section */
		DC7FCF461A7601DB005E89D2 /* Images.xcassets */ = {isa = PBXFileReference; lastKnownFileType = folder.assetcatalog; path = Images.xcassets; sourceTree = "<group>"; };
		DC8CC1D91A748D3000C8B4C8 /* ToDoList.app */ = {isa = PBXFileReference; explicitFileType = wrapper.application; includeInIndex = 0; path = ToDoList.app; sourceTree = BUILT_PRODUCTS_DIR; };
		DC8CC1DD1A748D3000C8B4C8 /* Info.plist */ = {isa = PBXFileReference; lastKnownFileType = text.plist.xml; path = Info.plist; sourceTree = "<group>"; };
		DC8CC1DE1A748D3000C8B4C8 /* main.m */ = {isa = PBXFileReference; lastKnownFileType = sourcecode.c.objc; path = main.m; sourceTree = "<group>"; };
		DC8CC1E01A748D3000C8B4C8 /* AppDelegate.h */ = {isa = PBXFileReference; lastKnownFileType = sourcecode.c.h; path = AppDelegate.h; sourceTree = "<group>"; };
		DC8CC1E11A748D3000C8B4C8 /* AppDelegate.m */ = {isa = PBXFileReference; lastKnownFileType = sourcecode.c.objc; path = AppDelegate.m; sourceTree = "<group>"; };
		DC8CC1E71A748D3000C8B4C8 /* Base */ = {isa = PBXFileReference; lastKnownFileType = file.storyboard; name = Base; path = Base.lproj/Main.storyboard; sourceTree = "<group>"; };
		DC8CC1EC1A748D3000C8B4C8 /* Base */ = {isa = PBXFileReference; lastKnownFileType = file.xib; name = Base; path = Base.lproj/LaunchScreen.xib; sourceTree = "<group>"; };
		DC8CC1F21A748D3100C8B4C8 /* ToDoListTests.xctest */ = {isa = PBXFileReference; explicitFileType = wrapper.cfbundle; includeInIndex = 0; path = ToDoListTests.xctest; sourceTree = BUILT_PRODUCTS_DIR; };
		DC8CC1F71A748D3100C8B4C8 /* Info.plist */ = {isa = PBXFileReference; lastKnownFileType = text.plist.xml; path = Info.plist; sourceTree = "<group>"; };
		DC8CC1F81A748D3100C8B4C8 /* ToDoListTests.m */ = {isa = PBXFileReference; lastKnownFileType = sourcecode.c.objc; path = ToDoListTests.m; sourceTree = "<group>"; };
		DC8CC2021A74B22900C8B4C8 /* AddToDoItemViewController.h */ = {isa = PBXFileReference; fileEncoding = 4; lastKnownFileType = sourcecode.c.h; path = AddToDoItemViewController.h; sourceTree = "<group>"; };
		DC8CC2031A74B22900C8B4C8 /* AddToDoItemViewController.m */ = {isa = PBXFileReference; fileEncoding = 4; lastKnownFileType = sourcecode.c.objc; path = AddToDoItemViewController.m; sourceTree = "<group>"; };
		DC8CC2051A74B2DD00C8B4C8 /* ToDoListTableViewController.h */ = {isa = PBXFileReference; fileEncoding = 4; lastKnownFileType = sourcecode.c.h; path = ToDoListTableViewController.h; sourceTree = "<group>"; };
		DC8CC2061A74B2DD00C8B4C8 /* ToDoListTableViewController.m */ = {isa = PBXFileReference; fileEncoding = 4; lastKnownFileType = sourcecode.c.objc; path = ToDoListTableViewController.m; sourceTree = "<group>"; };
		DC8CC2081A74BD4400C8B4C8 /* ToDoItem.h */ = {isa = PBXFileReference; fileEncoding = 4; lastKnownFileType = sourcecode.c.h; path = ToDoItem.h; sourceTree = "<group>"; };
		DC8CC2091A74BD4400C8B4C8 /* ToDoItem.m */ = {isa = PBXFileReference; fileEncoding = 4; lastKnownFileType = sourcecode.c.objc; path = ToDoItem.m; sourceTree = "<group>"; };
		DCD8B0971A75E9F800ACCF43 /* CellDataFormat.h */ = {isa = PBXFileReference; fileEncoding = 4; lastKnownFileType = sourcecode.c.h; path = CellDataFormat.h; sourceTree = "<group>"; };
		DCD8B0981A75E9F800ACCF43 /* CellDataFormat.m */ = {isa = PBXFileReference; fileEncoding = 4; lastKnownFileType = sourcecode.c.objc; path = CellDataFormat.m; sourceTree = "<group>"; };
/* End PBXFileReference section */

/* Begin PBXFrameworksBuildPhase section */
		DC8CC1D61A748D3000C8B4C8 /* Frameworks */ = {
			isa = PBXFrameworksBuildPhase;
			buildActionMask = 2147483647;
			files = (
			);
			runOnlyForDeploymentPostprocessing = 0;
		};
		DC8CC1EF1A748D3100C8B4C8 /* Frameworks */ = {
			isa = PBXFrameworksBuildPhase;
			buildActionMask = 2147483647;
			files = (
			);
			runOnlyForDeploymentPostprocessing = 0;
		};
/* End PBXFrameworksBuildPhase section */

/* Begin PBXGroup section */
		DC8CC1D01A748D3000C8B4C8 = {
			isa = PBXGroup;
			children = (
				DC8CC1DB1A748D3000C8B4C8 /* ToDoList */,
				DC8CC1F51A748D3100C8B4C8 /* ToDoListTests */,
				DC8CC1DA1A748D3000C8B4C8 /* Products */,
			);
			sourceTree = "<group>";
		};
		DC8CC1DA1A748D3000C8B4C8 /* Products */ = {
			isa = PBXGroup;
			children = (
				DC8CC1D91A748D3000C8B4C8 /* ToDoList.app */,
				DC8CC1F21A748D3100C8B4C8 /* ToDoListTests.xctest */,
			);
			name = Products;
			sourceTree = "<group>";
		};
		DC8CC1DB1A748D3000C8B4C8 /* ToDoList */ = {
			isa = PBXGroup;
			children = (
				DC8CC2021A74B22900C8B4C8 /* AddToDoItemViewController.h */,
				DC8CC2031A74B22900C8B4C8 /* AddToDoItemViewController.m */,
				DC8CC1E01A748D3000C8B4C8 /* AppDelegate.h */,
				DC8CC1E11A748D3000C8B4C8 /* AppDelegate.m */,
				DC8CC1E61A748D3000C8B4C8 /* Main.storyboard */,
				DC8CC1EB1A748D3000C8B4C8 /* LaunchScreen.xib */,
				DC7FCF461A7601DB005E89D2 /* Images.xcassets */,
				DC8CC1DC1A748D3000C8B4C8 /* Supporting Files */,
				DC8CC2051A74B2DD00C8B4C8 /* ToDoListTableViewController.h */,
				DC8CC2061A74B2DD00C8B4C8 /* ToDoListTableViewController.m */,
				DCD8B0971A75E9F800ACCF43 /* CellDataFormat.h */,
				DCD8B0981A75E9F800ACCF43 /* CellDataFormat.m */,
				DC8CC2081A74BD4400C8B4C8 /* ToDoItem.h */,
				DC8CC2091A74BD4400C8B4C8 /* ToDoItem.m */,
			);
			path = ToDoList;
			sourceTree = "<group>";
		};
		DC8CC1DC1A748D3000C8B4C8 /* Supporting Files */ = {
			isa = PBXGroup;
			children = (
				DC8CC1DD1A748D3000C8B4C8 /* Info.plist */,
				DC8CC1DE1A748D3000C8B4C8 /* main.m */,
			);
			name = "Supporting Files";
			sourceTree = "<group>";
		};
		DC8CC1F51A748D3100C8B4C8 /* ToDoListTests */ = {
			isa = PBXGroup;
			children = (
				DC8CC1F81A748D3100C8B4C8 /* ToDoListTests.m */,
				DC8CC1F61A748D3100C8B4C8 /* Supporting Files */,
			);
			path = ToDoListTests;
			sourceTree = "<group>";
		};
		DC8CC1F61A748D3100C8B4C8 /* Supporting Files */ = {
			isa = PBXGroup;
			children = (
				DC8CC1F71A748D3100C8B4C8 /* Info.plist */,
			);
			name = "Supporting Files";
			sourceTree = "<group>";
		};
/* End PBXGroup section */

/* Begin PBXNativeTarget section */
		DC8CC1D81A748D3000C8B4C8 /* ToDoList */ = {
			isa = PBXNativeTarget;
			buildConfigurationList = DC8CC1FC1A748D3100C8B4C8 /* Build configuration list for PBXNativeTarget "ToDoList" */;
			buildPhases = (
				DC8CC1D51A748D3000C8B4C8 /* Sources */,
				DC8CC1D61A748D3000C8B4C8 /* Frameworks */,
				DC8CC1D71A748D3000C8B4C8 /* Resources */,
			);
			buildRules = (
			);
			dependencies = (
			);
			name = ToDoList;
			productName = ToDoList;
			productReference = DC8CC1D91A748D3000C8B4C8 /* ToDoList.app */;
			productType = "com.apple.product-type.application";
		};
		DC8CC1F11A748D3100C8B4C8 /* ToDoListTests */ = {
			isa = PBXNativeTarget;
			buildConfigurationList = DC8CC1FF1A748D3100C8B4C8 /* Build configuration list for PBXNativeTarget "ToDoListTests" */;
			buildPhases = (
				DC8CC1EE1A748D3100C8B4C8 /* Sources */,
				DC8CC1EF1A748D3100C8B4C8 /* Frameworks */,
				DC8CC1F01A748D3100C8B4C8 /* Resources */,
			);
			buildRules = (
			);
			dependencies = (
				DC8CC1F41A748D3100C8B4C8 /* PBXTargetDependency */,
			);
			name = ToDoListTests;
			productName = ToDoListTests;
			productReference = DC8CC1F21A748D3100C8B4C8 /* ToDoListTests.xctest */;
			productType = "com.apple.product-type.bundle.unit-test";
		};
/* End PBXNativeTarget section */

/* Begin PBXProject section */
		DC8CC1D11A748D3000C8B4C8 /* Project object */ = {
			isa = PBXProject;
			attributes = {
				LastUpgradeCheck = 0610;
				ORGANIZATIONNAME = "Connor Egbert";
				TargetAttributes = {
					DC8CC1D81A748D3000C8B4C8 = {
						CreatedOnToolsVersion = 6.1.1;
						DevelopmentTeam = 723KYE3F9E;
					};
					DC8CC1F11A748D3100C8B4C8 = {
						CreatedOnToolsVersion = 6.1.1;
						TestTargetID = DC8CC1D81A748D3000C8B4C8;
					};
				};
			};
			buildConfigurationList = DC8CC1D41A748D3000C8B4C8 /* Build configuration list for PBXProject "ToDoList" */;
			compatibilityVersion = "Xcode 3.2";
			developmentRegion = English;
			hasScannedForEncodings = 0;
			knownRegions = (
				en,
				Base,
			);
			mainGroup = DC8CC1D01A748D3000C8B4C8;
			productRefGroup = DC8CC1DA1A748D3000C8B4C8 /* Products */;
			projectDirPath = "";
			projectRoot = "";
			targets = (
				DC8CC1D81A748D3000C8B4C8 /* ToDoList */,
				DC8CC1F11A748D3100C8B4C8 /* ToDoListTests */,
			);
		};
/* End PBXProject section */

/* Begin PBXResourcesBuildPhase section */
		DC8CC1D71A748D3000C8B4C8 /* Resources */ = {
			isa = PBXResourcesBuildPhase;
			buildActionMask = 2147483647;
			files = (
				DC7FCF471A7601DB005E89D2 /* Images.xcassets in Resources */,
				DC8CC1E81A748D3000C8B4C8 /* Main.storyboard in Resources */,
				DC8CC1ED1A748D3000C8B4C8 /* LaunchScreen.xib in Resources */,
			);
			runOnlyForDeploymentPostprocessing = 0;
		};
		DC8CC1F01A748D3100C8B4C8 /* Resources */ = {
			isa = PBXResourcesBuildPhase;
			buildActionMask = 2147483647;
			files = (
			);
			runOnlyForDeploymentPostprocessing = 0;
		};
/* End PBXResourcesBuildPhase section */

/* Begin PBXSourcesBuildPhase section */
		DC8CC1D51A748D3000C8B4C8 /* Sources */ = {
			isa = PBXSourcesBuildPhase;
			buildActionMask = 2147483647;
			files = (
				DC8CC1E21A748D3000C8B4C8 /* AppDelegate.m in Sources */,
				DC8CC20A1A74BD4400C8B4C8 /* ToDoItem.m in Sources */,
				DC8CC2071A74B2DD00C8B4C8 /* ToDoListTableViewController.m in Sources */,
				DC8CC1DF1A748D3000C8B4C8 /* main.m in Sources */,
				DCD8B0991A75E9F800ACCF43 /* CellDataFormat.m in Sources */,
				DC8CC2041A74B22900C8B4C8 /* AddToDoItemViewController.m in Sources */,
			);
			runOnlyForDeploymentPostprocessing = 0;
		};
		DC8CC1EE1A748D3100C8B4C8 /* Sources */ = {
			isa = PBXSourcesBuildPhase;
			buildActionMask = 2147483647;
			files = (
				DC8CC1F91A748D3100C8B4C8 /* ToDoListTests.m in Sources */,
			);
			runOnlyForDeploymentPostprocessing = 0;
		};
/* End PBXSourcesBuildPhase section */

/* Begin PBXTargetDependency section */
		DC8CC1F41A748D3100C8B4C8 /* PBXTargetDependency */ = {
			isa = PBXTargetDependency;
			target = DC8CC1D81A748D3000C8B4C8 /* ToDoList */;
			targetProxy = DC8CC1F31A748D3100C8B4C8 /* PBXContainerItemProxy */;
		};
/* End PBXTargetDependency section */

/* Begin PBXVariantGroup section */
		DC8CC1E61A748D3000C8B4C8 /* Main.storyboard */ = {
			isa = PBXVariantGroup;
			children = (
				DC8CC1E71A748D3000C8B4C8 /* Base */,
			);
			name = Main.storyboard;
			sourceTree = "<group>";
		};
		DC8CC1EB1A748D3000C8B4C8 /* LaunchScreen.xib */ = {
			isa = PBXVariantGroup;
			children = (
				DC8CC1EC1A748D3000C8B4C8 /* Base */,
			);
			name = LaunchScreen.xib;
			sourceTree = "<group>";
		};
/* End PBXVariantGroup section */

/* Begin XCBuildConfiguration section */
		DC8CC1FA1A748D3100C8B4C8 /* Debug */ = {
			isa = XCBuildConfiguration;
			buildSettings = {
				ALWAYS_SEARCH_USER_PATHS = NO;
				CLANG_CXX_LANGUAGE_STANDARD = "gnu++0x";
				CLANG_CXX_LIBRARY = "libc++";
				CLANG_ENABLE_MODULES = YES;
				CLANG_ENABLE_OBJC_ARC = YES;
				CLANG_WARN_BOOL_CONVERSION = YES;
				CLANG_WARN_CONSTANT_CONVERSION = YES;
				CLANG_WARN_DIRECT_OBJC_ISA_USAGE = YES_ERROR;
				CLANG_WARN_EMPTY_BODY = YES;
				CLANG_WARN_ENUM_CONVERSION = YES;
				CLANG_WARN_INT_CONVERSION = YES;
				CLANG_WARN_OBJC_ROOT_CLASS = YES_ERROR;
				CLANG_WARN_UNREACHABLE_CODE = YES;
				CLANG_WARN__DUPLICATE_METHOD_MATCH = YES;
				"CODE_SIGN_IDENTITY[sdk=iphoneos*]" = "iPhone Developer";
				COPY_PHASE_STRIP = NO;
				ENABLE_STRICT_OBJC_MSGSEND = YES;
				GCC_C_LANGUAGE_STANDARD = gnu99;
				GCC_DYNAMIC_NO_PIC = NO;
				GCC_OPTIMIZATION_LEVEL = 0;
				GCC_PREPROCESSOR_DEFINITIONS = (
					"DEBUG=1",
					"$(inherited)",
				);
				GCC_SYMBOLS_PRIVATE_EXTERN = NO;
				GCC_WARN_64_TO_32_BIT_CONVERSION = YES;
				GCC_WARN_ABOUT_RETURN_TYPE = YES_ERROR;
				GCC_WARN_UNDECLARED_SELECTOR = YES;
				GCC_WARN_UNINITIALIZED_AUTOS = YES_AGGRESSIVE;
				GCC_WARN_UNUSED_FUNCTION = YES;
				GCC_WARN_UNUSED_VARIABLE = YES;
				IPHONEOS_DEPLOYMENT_TARGET = 8.1;
				MTL_ENABLE_DEBUG_INFO = YES;
				ONLY_ACTIVE_ARCH = YES;
				SDKROOT = iphoneos;
				TARGETED_DEVICE_FAMILY = "1,2";
			};
			name = Debug;
		};
		DC8CC1FB1A748D3100C8B4C8 /* Release */ = {
			isa = XCBuildConfiguration;
			buildSettings = {
				ALWAYS_SEARCH_USER_PATHS = NO;
				CLANG_CXX_LANGUAGE_STANDARD = "gnu++0x";
				CLANG_CXX_LIBRARY = "libc++";
				CLANG_ENABLE_MODULES = YES;
				CLANG_ENABLE_OBJC_ARC = YES;
				CLANG_WARN_BOOL_CONVERSION = YES;
				CLANG_WARN_CONSTANT_CONVERSION = YES;
				CLANG_WARN_DIRECT_OBJC_ISA_USAGE = YES_ERROR;
				CLANG_WARN_EMPTY_BODY = YES;
				CLANG_WARN_ENUM_CONVERSION = YES;
				CLANG_WARN_INT_CONVERSION = YES;
				CLANG_WARN_OBJC_ROOT_CLASS = YES_ERROR;
				CLANG_WARN_UNREACHABLE_CODE = YES;
				CLANG_WARN__DUPLICATE_METHOD_MATCH = YES;
				"CODE_SIGN_IDENTITY[sdk=iphoneos*]" = "iPhone Developer";
				COPY_PHASE_STRIP = YES;
				ENABLE_NS_ASSERTIONS = NO;
				ENABLE_STRICT_OBJC_MSGSEND = YES;
				GCC_C_LANGUAGE_STANDARD = gnu99;
				GCC_WARN_64_TO_32_BIT_CONVERSION = YES;
				GCC_WARN_ABOUT_RETURN_TYPE = YES_ERROR;
				GCC_WARN_UNDECLARED_SELECTOR = YES;
				GCC_WARN_UNINITIALIZED_AUTOS = YES_AGGRESSIVE;
				GCC_WARN_UNUSED_FUNCTION = YES;
				GCC_WARN_UNUSED_VARIABLE = YES;
				IPHONEOS_DEPLOYMENT_TARGET = 8.1;
				MTL_ENABLE_DEBUG_INFO = NO;
				SDKROOT = iphoneos;
				TARGETED_DEVICE_FAMILY = "1,2";
				VALIDATE_PRODUCT = YES;
			};
			name = Release;
		};
		DC8CC1FD1A748D3100C8B4C8 /* Debug */ = {
			isa = XCBuildConfiguration;
			buildSettings = {
				ASSETCATALOG_COMPILER_APPICON_NAME = AppIcon;
				CODE_SIGN_IDENTITY = "iPhone Developer";
				INFOPLIST_FILE = ToDoList/Info.plist;
				LD_RUNPATH_SEARCH_PATHS = "$(inherited) @executable_path/Frameworks";
				PRODUCT_NAME = "$(TARGET_NAME)";
			};
			name = Debug;
		};
		DC8CC1FE1A748D3100C8B4C8 /* Release */ = {
			isa = XCBuildConfiguration;
			buildSettings = {
				ASSETCATALOG_COMPILER_APPICON_NAME = AppIcon;
				CODE_SIGN_IDENTITY = "iPhone Developer";
				INFOPLIST_FILE = ToDoList/Info.plist;
				LD_RUNPATH_SEARCH_PATHS = "$(inherited) @executable_path/Frameworks";
				PRODUCT_NAME = "$(TARGET_NAME)";
			};
			name = Release;
		};
		DC8CC2001A748D3100C8B4C8 /* Debug */ = {
			isa = XCBuildConfiguration;
			buildSettings = {
				BUNDLE_LOADER = "$(TEST_HOST)";
				FRAMEWORK_SEARCH_PATHS = (
					"$(SDKROOT)/Developer/Library/Frameworks",
					"$(inherited)",
				);
				GCC_PREPROCESSOR_DEFINITIONS = (
					"DEBUG=1",
					"$(inherited)",
				);
				INFOPLIST_FILE = ToDoListTests/Info.plist;
				LD_RUNPATH_SEARCH_PATHS = "$(inherited) @executable_path/Frameworks @loader_path/Frameworks";
				PRODUCT_NAME = "$(TARGET_NAME)";
				TEST_HOST = "$(BUILT_PRODUCTS_DIR)/ToDoList.app/ToDoList";
			};
			name = Debug;
		};
		DC8CC2011A748D3100C8B4C8 /* Release */ = {
			isa = XCBuildConfiguration;
			buildSettings = {
				BUNDLE_LOADER = "$(TEST_HOST)";
				FRAMEWORK_SEARCH_PATHS = (
					"$(SDKROOT)/Developer/Library/Frameworks",
					"$(inherited)",
				);
				INFOPLIST_FILE = ToDoListTests/Info.plist;
				LD_RUNPATH_SEARCH_PATHS = "$(inherited) @executable_path/Frameworks @loader_path/Frameworks";
				PRODUCT_NAME = "$(TARGET_NAME)";
				TEST_HOST = "$(BUILT_PRODUCTS_DIR)/ToDoList.app/ToDoList";
			};
			name = Release;
		};
/* End XCBuildConfiguration section */

/* Begin XCConfigurationList section */
		DC8CC1D41A748D3000C8B4C8 /* Build configuration list for PBXProject "ToDoList" */ = {
			isa = XCConfigurationList;
			buildConfigurations = (
				DC8CC1FA1A748D3100C8B4C8 /* Debug */,
				DC8CC1FB1A748D3100C8B4C8 /* Release */,
			);
			defaultConfigurationIsVisible = 0;
			defaultConfigurationName = Release;
		};
		DC8CC1FC1A748D3100C8B4C8 /* Build configuration list for PBXNativeTarget "ToDoList" */ = {
			isa = XCConfigurationList;
			buildConfigurations = (
				DC8CC1FD1A748D3100C8B4C8 /* Debug */,
				DC8CC1FE1A748D3100C8B4C8 /* Release */,
			);
			defaultConfigurationIsVisible = 0;
			defaultConfigurationName = Release;
		};
		DC8CC1FF1A748D3100C8B4C8 /* Build configuration list for PBXNativeTarget "ToDoListTests" */ = {
			isa = XCConfigurationList;
			buildConfigurations = (
				DC8CC2001A748D3100C8B4C8 /* Debug */,
				DC8CC2011A748D3100C8B4C8 /* Release */,
			);
			defaultConfigurationIsVisible = 0;
			defaultConfigurationName = Release;
		};
/* End XCConfigurationList section */
	};
	rootObject = DC8CC1D11A748D3000C8B4C8 /* Project object */;
}
